
Microsoft Visual Studio Solution File, Format Version 12.00
# Visual Studio 15
VisualStudioVersion = 15.0.28307.136
MinimumVisualStudioVersion = 10.0.40219.1
Project("{FAE04EC0-301F-11D3-BF4B-00C04F79EFBC}") = "CustomVisionSample.Android", "CustomVisionSample\CustomVisionSample.Android\CustomVisionSample.Android.csproj", "{9A0FE8E3-F92C-46E0-96B9-C742FCCE7CE7}"
EndProject
Project("{FAE04EC0-301F-11D3-BF4B-00C04F79EFBC}") = "CustomVisionSample.iOS", "CustomVisionSample\CustomVisionSample.iOS\CustomVisionSample.iOS.csproj", "{98AF86C6-607E-4AF0-8CD4-49FA99687BF2}"
EndProject
Project("{9A19103F-16F7-4668-BE54-9A1E7A4F7556}") = "CustomVisionSample", "CustomVisionSample\CustomVisionSample\CustomVisionSample.csproj", "{BBC78E5D-B337-464E-9991-861AA58239EF}"
EndProject
Global
	GlobalSection(SolutionConfigurationPlatforms) = preSolution
		Ad-Hoc|Any CPU = Ad-Hoc|Any CPU
		Ad-Hoc|iPhone = Ad-Hoc|iPhone
		Ad-Hoc|iPhoneSimulator = Ad-Hoc|iPhoneSimulator
		AppStore|Any CPU = AppStore|Any CPU
		AppStore|iPhone = AppStore|iPhone
		AppStore|iPhoneSimulator = AppStore|iPhoneSimulator
		Debug|Any CPU = Debug|Any CPU
		Debug|iPhone = Debug|iPhone
		Debug|iPhoneSimulator = Debug|iPhoneSimulator
		Release|Any CPU = Release|Any CPU
		Release|iPhone = Release|iPhone
		Release|iPhoneSimulator = Release|iPhoneSimulator
	EndGlobalSection
	GlobalSection(ProjectConfigurationPlatforms) = postSolution
		{9A0FE8E3-F92C-46E0-96B9-C742FCCE7CE7}.Ad-Hoc|Any CPU.ActiveCfg = Release|Any CPU
		{9A0FE8E3-F92C-46E0-96B9-C742FCCE7CE7}.Ad-Hoc|Any CPU.Build.0 = Release|Any CPU
		{9A0FE8E3-F92C-46E0-96B9-C742FCCE7CE7}.Ad-Hoc|Any CPU.Deploy.0 = Release|Any CPU
		{9A0FE8E3-F92C-46E0-96B9-C742FCCE7CE7}.Ad-Hoc|iPhone.ActiveCfg = Release|Any CPU
		{9A0FE8E3-F92C-46E0-96B9-C742FCCE7CE7}.Ad-Hoc|iPhone.Build.0 = Release|Any CPU
		{9A0FE8E3-F92C-46E0-96B9-C742FCCE7CE7}.Ad-Hoc|iPhone.Deploy.0 = Release|Any CPU
		{9A0FE8E3-F92C-46E0-96B9-C742FCCE7CE7}.Ad-Hoc|iPhoneSimulator.ActiveCfg = Release|Any CPU
		{9A0FE8E3-F92C-46E0-96B9-C742FCCE7CE7}.Ad-Hoc|iPhoneSimulator.Build.0 = Release|Any CPU
		{9A0FE8E3-F92C-46E0-96B9-C742FCCE7CE7}.Ad-Hoc|iPhoneSimulator.Deploy.0 = Release|Any CPU
		{9A0FE8E3-F92C-46E0-96B9-C742FCCE7CE7}.AppStore|Any CPU.ActiveCfg = Release|Any CPU
		{9A0FE8E3-F92C-46E0-96B9-C742FCCE7CE7}.AppStore|Any CPU.Build.0 = Release|Any CPU
		{9A0FE8E3-F92C-46E0-96B9-C742FCCE7CE7}.AppStore|Any CPU.Deploy.0 = Release|Any CPU
		{9A0FE8E3-F92C-46E0-96B9-C742FCCE7CE7}.AppStore|iPhone.ActiveCfg = Release|Any CPU
		{9A0FE8E3-F92C-46E0-96B9-C742FCCE7CE7}.AppStore|iPhone.Build.0 = Release|Any CPU
		{9A0FE8E3-F92C-46E0-96B9-C742FCCE7CE7}.AppStore|iPhone.Deploy.0 = Release|Any CPU
		{9A0FE8E3-F92C-46E0-96B9-C742FCCE7CE7}.AppStore|iPhoneSimulator.ActiveCfg = Release|Any CPU
		{9A0FE8E3-F92C-46E0-96B9-C742FCCE7CE7}.AppStore|iPhoneSimulator.Build.0 = Release|Any CPU
		{9A0FE8E3-F92C-46E0-96B9-C742FCCE7CE7}.AppStore|iPhoneSimulator.Deploy.0 = Release|Any CPU
		{9A0FE8E3-F92C-46E0-96B9-C742FCCE7CE7}.Debug|Any CPU.ActiveCfg = Debug|Any CPU
		{9A0FE8E3-F92C-46E0-96B9-C742FCCE7CE7}.Debug|Any CPU.Build.0 = Debug|Any CPU
		{9A0FE8E3-F92C-46E0-96B9-C742FCCE7CE7}.Debug|Any CPU.Deploy.0 = Debug|Any CPU
		{9A0FE8E3-F92C-46E0-96B9-C742FCCE7CE7}.Debug|iPhone.ActiveCfg = Debug|Any CPU
		{9A0FE8E3-F92C-46E0-96B9-C742FCCE7CE7}.Debug|iPhone.Build.0 = Debug|Any CPU
		{9A0FE8E3-F92C-46E0-96B9-C742FCCE7CE7}.Debug|iPhone.Deploy.0 = Debug|Any CPU
		{9A0FE8E3-F92C-46E0-96B9-C742FCCE7CE7}.Debug|iPhoneSimulator.ActiveCfg = Debug|Any CPU
		{9A0FE8E3-F92C-46E0-96B9-C742FCCE7CE7}.Debug|iPhoneSimulator.Build.0 = Debug|Any CPU
		{9A0FE8E3-F92C-46E0-96B9-C742FCCE7CE7}.Debug|iPhoneSimulator.Deploy.0 = Debug|Any CPU
		{9A0FE8E3-F92C-46E0-96B9-C742FCCE7CE7}.Release|Any CPU.ActiveCfg = Release|Any CPU
		{9A0FE8E3-F92C-46E0-96B9-C742FCCE7CE7}.Release|Any CPU.Build.0 = Release|Any CPU
		{9A0FE8E3-F92C-46E0-96B9-C742FCCE7CE7}.Release|Any CPU.Deploy.0 = Release|Any CPU
		{9A0FE8E3-F92C-46E0-96B9-C742FCCE7CE7}.Release|iPhone.ActiveCfg = Release|Any CPU
		{9A0FE8E3-F92C-46E0-96B9-C742FCCE7CE7}.Release|iPhone.Build.0 = Release|Any CPU
		{9A0FE8E3-F92C-46E0-96B9-C742FCCE7CE7}.Release|iPhone.Deploy.0 = Release|Any CPU
		{9A0FE8E3-F92C-46E0-96B9-C742FCCE7CE7}.Release|iPhoneSimulator.ActiveCfg = Release|Any CPU
		{9A0FE8E3-F92C-46E0-96B9-C742FCCE7CE7}.Release|iPhoneSimulator.Build.0 = Release|Any CPU
		{9A0FE8E3-F92C-46E0-96B9-C742FCCE7CE7}.Release|iPhoneSimulator.Deploy.0 = Release|Any CPU
		{98AF86C6-607E-4AF0-8CD4-49FA99687BF2}.Ad-Hoc|Any CPU.ActiveCfg = Ad-Hoc|iPhone
		{98AF86C6-607E-4AF0-8CD4-49FA99687BF2}.Ad-Hoc|Any CPU.Build.0 = Ad-Hoc|iPhone
		{98AF86C6-607E-4AF0-8CD4-49FA99687BF2}.Ad-Hoc|Any CPU.Deploy.0 = Ad-Hoc|iPhone
		{98AF86C6-607E-4AF0-8CD4-49FA99687BF2}.Ad-Hoc|iPhone.ActiveCfg = Ad-Hoc|iPhone
		{98AF86C6-607E-4AF0-8CD4-49FA99687BF2}.Ad-Hoc|iPhone.Build.0 = Ad-Hoc|iPhone
		{98AF86C6-607E-4AF0-8CD4-49FA99687BF2}.Ad-Hoc|iPhone.Deploy.0 = Ad-Hoc|iPhone
		{98AF86C6-607E-4AF0-8CD4-49FA99687BF2}.Ad-Hoc|iPhoneSimulator.ActiveCfg = Ad-Hoc|iPhoneSimulator
		{98AF86C6-607E-4AF0-8CD4-49FA99687BF2}.Ad-Hoc|iPhoneSimulator.Build.0 = Ad-Hoc|iPhoneSimulator
		{98AF86C6-607E-4AF0-8CD4-49FA99687BF2}.Ad-Hoc|iPhoneSimulator.Deploy.0 = Ad-Hoc|iPhoneSimulator
		{98AF86C6-607E-4AF0-8CD4-49FA99687BF2}.AppStore|Any CPU.ActiveCfg = AppStore|iPhone
		{98AF86C6-607E-4AF0-8CD4-49FA99687BF2}.AppStore|Any CPU.Build.0 = AppStore|iPhone
		{98AF86C6-607E-4AF0-8CD4-49FA99687BF2}.AppStore|Any CPU.Deploy.0 = AppStore|iPhone
		{98AF86C6-607E-4AF0-8CD4-49FA99687BF2}.AppStore|iPhone.ActiveCfg = AppStore|iPhone
		{98AF86C6-607E-4AF0-8CD4-49FA99687BF2}.AppStore|iPhone.Build.0 = AppStore|iPhone
		{98AF86C6-607E-4AF0-8CD4-49FA99687BF2}.AppStore|iPhone.Deploy.0 = AppStore|iPhone
		{98AF86C6-607E-4AF0-8CD4-49FA99687BF2}.AppStore|iPhoneSimulator.ActiveCfg = AppStore|iPhoneSimulator
		{98AF86C6-607E-4AF0-8CD4-49FA99687BF2}.AppStore|iPhoneSimulator.Build.0 = AppStore|iPhoneSimulator
		{98AF86C6-607E-4AF0-8CD4-49FA99687BF2}.AppStore|iPhoneSimulator.Deploy.0 = AppStore|iPhoneSimulator
		{98AF86C6-607E-4AF0-8CD4-49FA99687BF2}.Debug|Any CPU.ActiveCfg = Debug|iPhoneSimulator
		{98AF86C6-607E-4AF0-8CD4-49FA99687BF2}.Debug|Any CPU.Build.0 = Debug|iPhoneSimulator
		{98AF86C6-607E-4AF0-8CD4-49FA99687BF2}.Debug|Any CPU.Deploy.0 = Debug|iPhoneSimulator
		{98AF86C6-607E-4AF0-8CD4-49FA99687BF2}.Debug|iPhone.ActiveCfg = Debug|iPhone
		{98AF86C6-607E-4AF0-8CD4-49FA99687BF2}.Debug|iPhone.Build.0 = Debug|iPhone
		{98AF86C6-607E-4AF0-8CD4-49FA99687BF2}.Debug|iPhone.Deploy.0 = Debug|iPhone
		{98AF86C6-607E-4AF0-8CD4-49FA99687BF2}.Debug|iPhoneSimulator.ActiveCfg = Debug|iPhoneSimulator
		{98AF86C6-607E-4AF0-8CD4-49FA99687BF2}.Debug|iPhoneSimulator.Build.0 = Debug|iPhoneSimulator
		{98AF86C6-607E-4AF0-8CD4-49FA99687BF2}.Debug|iPhoneSimulator.Deploy.0 = Debug|iPhoneSimulator
		{98AF86C6-607E-4AF0-8CD4-49FA99687BF2}.Release|Any CPU.ActiveCfg = Release|iPhone
		{98AF86C6-607E-4AF0-8CD4-49FA99687BF2}.Release|Any CPU.Build.0 = Release|iPhone
		{98AF86C6-607E-4AF0-8CD4-49FA99687BF2}.Release|Any CPU.Deploy.0 = Release|iPhone
		{98AF86C6-607E-4AF0-8CD4-49FA99687BF2}.Release|iPhone.ActiveCfg = Release|iPhone
		{98AF86C6-607E-4AF0-8CD4-49FA99687BF2}.Release|iPhone.Build.0 = Release|iPhone
		{98AF86C6-607E-4AF0-8CD4-49FA99687BF2}.Release|iPhone.Deploy.0 = Release|iPhone
		{98AF86C6-607E-4AF0-8CD4-49FA99687BF2}.Release|iPhoneSimulator.ActiveCfg = Release|iPhoneSimulator
		{98AF86C6-607E-4AF0-8CD4-49FA99687BF2}.Release|iPhoneSimulator.Build.0 = Release|iPhoneSimulator
		{98AF86C6-607E-4AF0-8CD4-49FA99687BF2}.Release|iPhoneSimulator.Deploy.0 = Release|iPhoneSimulator
		{BBC78E5D-B337-464E-9991-861AA58239EF}.Ad-Hoc|Any CPU.ActiveCfg = Debug|Any CPU
		{BBC78E5D-B337-464E-9991-861AA58239EF}.Ad-Hoc|Any CPU.Build.0 = Debug|Any CPU
		{BBC78E5D-B337-464E-9991-861AA58239EF}.Ad-Hoc|Any CPU.Deploy.0 = Debug|Any CPU
		{BBC78E5D-B337-464E-9991-861AA58239EF}.Ad-Hoc|iPhone.ActiveCfg = Debug|Any CPU
		{BBC78E5D-B337-464E-9991-861AA58239EF}.Ad-Hoc|iPhone.Build.0 = Debug|Any CPU
		{BBC78E5D-B337-464E-9991-861AA58239EF}.Ad-Hoc|iPhone.Deploy.0 = Debug|Any CPU
		{BBC78E5D-B337-464E-9991-861AA58239EF}.Ad-Hoc|iPhoneSimulator.ActiveCfg = Debug|Any CPU
		{BBC78E5D-B337-464E-9991-861AA58239EF}.Ad-Hoc|iPhoneSimulator.Build.0 = Debug|Any CPU
		{BBC78E5D-B337-464E-9991-861AA58239EF}.Ad-Hoc|iPhoneSimulator.Deploy.0 = Debug|Any CPU
		{BBC78E5D-B337-464E-9991-861AA58239EF}.AppStore|Any CPU.ActiveCfg = Debug|Any CPU
		{BBC78E5D-B337-464E-9991-861AA58239EF}.AppStore|Any CPU.Build.0 = Debug|Any CPU
		{BBC78E5D-B337-464E-9991-861AA58239EF}.AppStore|Any CPU.Deploy.0 = Debug|Any CPU
		{BBC78E5D-B337-464E-9991-861AA58239EF}.AppStore|iPhone.ActiveCfg = Debug|Any CPU
		{BBC78E5D-B337-464E-9991-861AA58239EF}.AppStore|iPhone.Build.0 = Debug|Any CPU
		{BBC78E5D-B337-464E-9991-861AA58239EF}.AppStore|iPhone.Deploy.0 = Debug|Any CPU
		{BBC78E5D-B337-464E-9991-861AA58239EF}.AppStore|iPhoneSimulator.ActiveCfg = Debug|Any CPU
		{BBC78E5D-B337-464E-9991-861AA58239EF}.AppStore|iPhoneSimulator.Build.0 = Debug|Any CPU
		{BBC78E5D-B337-464E-9991-861AA58239EF}.AppStore|iPhoneSimulator.Deploy.0 = Debug|Any CPU
		{BBC78E5D-B337-464E-9991-861AA58239EF}.Debug|Any CPU.ActiveCfg = Debug|Any CPU
		{BBC78E5D-B337-464E-9991-861AA58239EF}.Debug|Any CPU.Build.0 = Debug|Any CPU
		{BBC78E5D-B337-464E-9991-861AA58239EF}.Debug|Any CPU.Deploy.0 = Debug|Any CPU
		{BBC78E5D-B337-464E-9991-861AA58239EF}.Debug|iPhone.ActiveCfg = Debug|Any CPU
		{BBC78E5D-B337-464E-9991-861AA58239EF}.Debug|iPhone.Build.0 = Debug|Any CPU
		{BBC78E5D-B337-464E-9991-861AA58239EF}.Debug|iPhone.Deploy.0 = Debug|Any CPU
		{BBC78E5D-B337-464E-9991-861AA58239EF}.Debug|iPhoneSimulator.ActiveCfg = Debug|Any CPU
		{BBC78E5D-B337-464E-9991-861AA58239EF}.Debug|iPhoneSimulator.Build.0 = Debug|Any CPU
		{BBC78E5D-B337-464E-9991-861AA58239EF}.Debug|iPhoneSimulator.Deploy.0 = Debug|Any CPU
		{BBC78E5D-B337-464E-9991-861AA58239EF}.Release|Any CPU.ActiveCfg = Release|Any CPU
		{BBC78E5D-B337-464E-9991-861AA58239EF}.Release|Any CPU.Build.0 = Release|Any CPU
		{BBC78E5D-B337-464E-9991-861AA58239EF}.Release|Any CPU.Deploy.0 = Release|Any CPU
		{BBC78E5D-B337-464E-9991-861AA58239EF}.Release|iPhone.ActiveCfg = Release|Any CPU
		{BBC78E5D-B337-464E-9991-861AA58239EF}.Release|iPhone.Build.0 = Release|Any CPU
		{BBC78E5D-B337-464E-9991-861AA58239EF}.Release|iPhone.Deploy.0 = Release|Any CPU
		{BBC78E5D-B337-464E-9991-861AA58239EF}.Release|iPhoneSimulator.ActiveCfg = Release|Any CPU
		{BBC78E5D-B337-464E-9991-861AA58239EF}.Release|iPhoneSimulator.Build.0 = Release|Any CPU
		{BBC78E5D-B337-464E-9991-861AA58239EF}.Release|iPhoneSimulator.Deploy.0 = Release|Any CPU
	EndGlobalSection
	GlobalSection(SolutionProperties) = preSolution
		HideSolutionNode = FALSE
	EndGlobalSection
	GlobalSection(ExtensibilityGlobals) = postSolution
		SolutionGuid = {7044F4FE-4035-4CB9-91B3-10FF60AF2733}
	EndGlobalSection
EndGlobal
